// !$*UTF8*$!
{
	archiveVersion = 1;
	classes = {
	};
	objectVersion = 56;
	objects = {

/* Begin PBXBuildFile section */
		612BFE972BA708E0000023EE /* AppBundlerApp.swift in Sources */ = {isa = PBXBuildFile; fileRef = 612BFE962BA708E0000023EE /* AppBundlerApp.swift */; };
		612BFE9B2BA708E0000023EE /* Assets.xcassets in Resources */ = {isa = PBXBuildFile; fileRef = 612BFE9A2BA708E0000023EE /* Assets.xcassets */; };
		612BFE9E2BA708E0000023EE /* Preview Assets.xcassets in Resources */ = {isa = PBXBuildFile; fileRef = 612BFE9D2BA708E0000023EE /* Preview Assets.xcassets */; };
		612BFEA72BA70A74000023EE /* Localizable.xcstrings in Resources */ = {isa = PBXBuildFile; fileRef = 612BFEA62BA70A74000023EE /* Localizable.xcstrings */; };
		612BFEA92BA70B14000023EE /* EditBundleView.swift in Sources */ = {isa = PBXBuildFile; fileRef = 612BFEA82BA70B14000023EE /* EditBundleView.swift */; };
		612BFEAB2BA70B53000023EE /* CreateBundleView.swift in Sources */ = {isa = PBXBuildFile; fileRef = 612BFEAA2BA70B53000023EE /* CreateBundleView.swift */; };
		6136EE9B2BCD45D300F43585 /* BundleExtension.swift in Sources */ = {isa = PBXBuildFile; fileRef = 6136EE9A2BCD45D300F43585 /* BundleExtension.swift */; };
		618D67092BE63246007F8A61 /* FileSystemTest.swift in Sources */ = {isa = PBXBuildFile; fileRef = 618D67082BE63246007F8A61 /* FileSystemTest.swift */; };
		618E55232BB1F7AA00DC586B /* Credits.html in Resources */ = {isa = PBXBuildFile; fileRef = 618E55222BB1F7AA00DC586B /* Credits.html */; };
		61E29F492BAB1CC3001738D6 /* FileSystem.swift in Sources */ = {isa = PBXBuildFile; fileRef = 61E29F482BAB1CC3001738D6 /* FileSystem.swift */; };
		61F472082BB5DD8400587B93 /* FindFileTests.swift in Sources */ = {isa = PBXBuildFile; fileRef = 61F472072BB5DD8400587B93 /* FindFileTests.swift */; };
		61FEAD912BC0BD0C0074674A /* EdgeInsetsExtension.swift in Sources */ = {isa = PBXBuildFile; fileRef = 61FEAD902BC0BD0C0074674A /* EdgeInsetsExtension.swift */; };
/* End PBXBuildFile section */

/* Begin PBXContainerItemProxy section */
		61F472092BB5DD8400587B93 /* PBXContainerItemProxy */ = {
			isa = PBXContainerItemProxy;
			containerPortal = 612BFE8B2BA708E0000023EE /* Project object */;
			proxyType = 1;
			remoteGlobalIDString = 612BFE922BA708E0000023EE;
			remoteInfo = AppBundler;
		};
/* End PBXContainerItemProxy section */

/* Begin PBXFileReference section */
		612BFE932BA708E0000023EE /* AppBundler.app */ = {isa = PBXFileReference; explicitFileType = wrapper.application; includeInIndex = 0; path = AppBundler.app; sourceTree = BUILT_PRODUCTS_DIR; };
		612BFE962BA708E0000023EE /* AppBundlerApp.swift */ = {isa = PBXFileReference; lastKnownFileType = sourcecode.swift; path = AppBundlerApp.swift; sourceTree = "<group>"; };
		612BFE9A2BA708E0000023EE /* Assets.xcassets */ = {isa = PBXFileReference; lastKnownFileType = folder.assetcatalog; path = Assets.xcassets; sourceTree = "<group>"; };
		612BFE9D2BA708E0000023EE /* Preview Assets.xcassets */ = {isa = PBXFileReference; lastKnownFileType = folder.assetcatalog; path = "Preview Assets.xcassets"; sourceTree = "<group>"; };
		612BFE9F2BA708E0000023EE /* AppBundler.entitlements */ = {isa = PBXFileReference; lastKnownFileType = text.plist.entitlements; path = AppBundler.entitlements; sourceTree = "<group>"; };
		612BFEA62BA70A74000023EE /* Localizable.xcstrings */ = {isa = PBXFileReference; lastKnownFileType = text.json.xcstrings; path = Localizable.xcstrings; sourceTree = "<group>"; };
		612BFEA82BA70B14000023EE /* EditBundleView.swift */ = {isa = PBXFileReference; lastKnownFileType = sourcecode.swift; path = EditBundleView.swift; sourceTree = "<group>"; };
		612BFEAA2BA70B53000023EE /* CreateBundleView.swift */ = {isa = PBXFileReference; lastKnownFileType = sourcecode.swift; path = CreateBundleView.swift; sourceTree = "<group>"; };
		6136EE9A2BCD45D300F43585 /* BundleExtension.swift */ = {isa = PBXFileReference; lastKnownFileType = sourcecode.swift; path = BundleExtension.swift; sourceTree = "<group>"; };
		61467C302BA71418000B6140 /* Info.plist */ = {isa = PBXFileReference; lastKnownFileType = text.plist; path = Info.plist; sourceTree = "<group>"; };
		61467C312BA71456000B6140 /* README.md */ = {isa = PBXFileReference; lastKnownFileType = net.daringfireball.markdown; path = README.md; sourceTree = "<group>"; };
		618D67082BE63246007F8A61 /* FileSystemTest.swift */ = {isa = PBXFileReference; lastKnownFileType = sourcecode.swift; path = FileSystemTest.swift; sourceTree = "<group>"; };
		618E55222BB1F7AA00DC586B /* Credits.html */ = {isa = PBXFileReference; lastKnownFileType = text.html; path = Credits.html; sourceTree = "<group>"; };
		61E29F482BAB1CC3001738D6 /* FileSystem.swift */ = {isa = PBXFileReference; lastKnownFileType = sourcecode.swift; path = FileSystem.swift; sourceTree = "<group>"; };
		61F472052BB5DD8400587B93 /* AppBundlerTests.xctest */ = {isa = PBXFileReference; explicitFileType = wrapper.cfbundle; includeInIndex = 0; path = AppBundlerTests.xctest; sourceTree = BUILT_PRODUCTS_DIR; };
		61F472072BB5DD8400587B93 /* FindFileTests.swift */ = {isa = PBXFileReference; lastKnownFileType = sourcecode.swift; path = FindFileTests.swift; sourceTree = "<group>"; };
		61FEAD902BC0BD0C0074674A /* EdgeInsetsExtension.swift */ = {isa = PBXFileReference; lastKnownFileType = sourcecode.swift; path = EdgeInsetsExtension.swift; sourceTree = "<group>"; };
/* End PBXFileReference section */

/* Begin PBXFrameworksBuildPhase section */
		612BFE902BA708E0000023EE /* Frameworks */ = {
			isa = PBXFrameworksBuildPhase;
			buildActionMask = 2147483647;
			files = (
			);
			runOnlyForDeploymentPostprocessing = 0;
		};
		61F472022BB5DD8400587B93 /* Frameworks */ = {
			isa = PBXFrameworksBuildPhase;
			buildActionMask = 2147483647;
			files = (
			);
			runOnlyForDeploymentPostprocessing = 0;
		};
/* End PBXFrameworksBuildPhase section */

/* Begin PBXGroup section */
		612BFE8A2BA708E0000023EE = {
			isa = PBXGroup;
			children = (
				61467C312BA71456000B6140 /* README.md */,
				612BFE952BA708E0000023EE /* AppBundler */,
				61F472062BB5DD8400587B93 /* AppBundlerTests */,
				612BFE942BA708E0000023EE /* Products */,
			);
			sourceTree = "<group>";
		};
		612BFE942BA708E0000023EE /* Products */ = {
			isa = PBXGroup;
			children = (
				612BFE932BA708E0000023EE /* AppBundler.app */,
				61F472052BB5DD8400587B93 /* AppBundlerTests.xctest */,
			);
			name = Products;
			sourceTree = "<group>";
		};
		612BFE952BA708E0000023EE /* AppBundler */ = {
			isa = PBXGroup;
			children = (
				612BFE9F2BA708E0000023EE /* AppBundler.entitlements */,
				612BFE9A2BA708E0000023EE /* Assets.xcassets */,
				618E55222BB1F7AA00DC586B /* Credits.html */,
				61467C302BA71418000B6140 /* Info.plist */,
				612BFE9C2BA708E0000023EE /* Preview Content */,
				612BFEA52BA70A4D000023EE /* i18n */,
				61CBF1A12BC333E000533176 /* Extension */,
				61FA04462BADF75B00309A2F /* UI */,
				612BFE962BA708E0000023EE /* AppBundlerApp.swift */,
				61E29F482BAB1CC3001738D6 /* FileSystem.swift */,
			);
			path = AppBundler;
			sourceTree = "<group>";
		};
		612BFE9C2BA708E0000023EE /* Preview Content */ = {
			isa = PBXGroup;
			children = (
				612BFE9D2BA708E0000023EE /* Preview Assets.xcassets */,
			);
			path = "Preview Content";
			sourceTree = "<group>";
		};
		612BFEA52BA70A4D000023EE /* i18n */ = {
			isa = PBXGroup;
			children = (
				612BFEA62BA70A74000023EE /* Localizable.xcstrings */,
			);
			path = i18n;
			sourceTree = "<group>";
		};
		61CBF1A12BC333E000533176 /* Extension */ = {
			isa = PBXGroup;
			children = (
				61FEAD902BC0BD0C0074674A /* EdgeInsetsExtension.swift */,
				6136EE9A2BCD45D300F43585 /* BundleExtension.swift */,
			);
			path = Extension;
			sourceTree = "<group>";
		};
		61F472062BB5DD8400587B93 /* AppBundlerTests */ = {
			isa = PBXGroup;
			children = (
				61F472072BB5DD8400587B93 /* FindFileTests.swift */,
				618D67082BE63246007F8A61 /* FileSystemTest.swift */,
			);
			path = AppBundlerTests;
			sourceTree = "<group>";
		};
		61FA04462BADF75B00309A2F /* UI */ = {
			isa = PBXGroup;
			children = (
				612BFEA82BA70B14000023EE /* EditBundleView.swift */,
				612BFEAA2BA70B53000023EE /* CreateBundleView.swift */,
			);
			path = UI;
			sourceTree = "<group>";
		};
/* End PBXGroup section */

/* Begin PBXNativeTarget section */
		612BFE922BA708E0000023EE /* AppBundler */ = {
			isa = PBXNativeTarget;
			buildConfigurationList = 612BFEA22BA708E0000023EE /* Build configuration list for PBXNativeTarget "AppBundler" */;
			buildPhases = (
				612BFE8F2BA708E0000023EE /* Sources */,
				612BFE902BA708E0000023EE /* Frameworks */,
				612BFE912BA708E0000023EE /* Resources */,
			);
			buildRules = (
			);
			dependencies = (
			);
			name = AppBundler;
			productName = AppBundler;
			productReference = 612BFE932BA708E0000023EE /* AppBundler.app */;
			productType = "com.apple.product-type.application";
		};
		61F472042BB5DD8400587B93 /* AppBundlerTests */ = {
			isa = PBXNativeTarget;
			buildConfigurationList = 61F4720B2BB5DD8400587B93 /* Build configuration list for PBXNativeTarget "AppBundlerTests" */;
			buildPhases = (
				61F472012BB5DD8400587B93 /* Sources */,
				61F472022BB5DD8400587B93 /* Frameworks */,
				61F472032BB5DD8400587B93 /* Resources */,
			);
			buildRules = (
			);
			dependencies = (
				61F4720A2BB5DD8400587B93 /* PBXTargetDependency */,
			);
			name = AppBundlerTests;
			productName = AppBundlerTests;
			productReference = 61F472052BB5DD8400587B93 /* AppBundlerTests.xctest */;
			productType = "com.apple.product-type.bundle.unit-test";
		};
/* End PBXNativeTarget section */

/* Begin PBXProject section */
		612BFE8B2BA708E0000023EE /* Project object */ = {
			isa = PBXProject;
			attributes = {
				BuildIndependentTargetsInParallel = 1;
				LastSwiftUpdateCheck = 1500;
				LastUpgradeCheck = 1500;
				TargetAttributes = {
					612BFE922BA708E0000023EE = {
						CreatedOnToolsVersion = 15.0.1;
					};
					61F472042BB5DD8400587B93 = {
						CreatedOnToolsVersion = 15.0.1;
						TestTargetID = 612BFE922BA708E0000023EE;
					};
				};
			};
			buildConfigurationList = 612BFE8E2BA708E0000023EE /* Build configuration list for PBXProject "AppBundler" */;
			compatibilityVersion = "Xcode 14.0";
			developmentRegion = en;
			hasScannedForEncodings = 0;
			knownRegions = (
				en,
				Base,
				"pt-BR",
			);
			mainGroup = 612BFE8A2BA708E0000023EE;
			productRefGroup = 612BFE942BA708E0000023EE /* Products */;
			projectDirPath = "";
			projectRoot = "";
			targets = (
				612BFE922BA708E0000023EE /* AppBundler */,
				61F472042BB5DD8400587B93 /* AppBundlerTests */,
			);
		};
/* End PBXProject section */

/* Begin PBXResourcesBuildPhase section */
		612BFE912BA708E0000023EE /* Resources */ = {
			isa = PBXResourcesBuildPhase;
			buildActionMask = 2147483647;
			files = (
				612BFE9E2BA708E0000023EE /* Preview Assets.xcassets in Resources */,
				618E55232BB1F7AA00DC586B /* Credits.html in Resources */,
				612BFE9B2BA708E0000023EE /* Assets.xcassets in Resources */,
				612BFEA72BA70A74000023EE /* Localizable.xcstrings in Resources */,
			);
			runOnlyForDeploymentPostprocessing = 0;
		};
		61F472032BB5DD8400587B93 /* Resources */ = {
			isa = PBXResourcesBuildPhase;
			buildActionMask = 2147483647;
			files = (
			);
			runOnlyForDeploymentPostprocessing = 0;
		};
/* End PBXResourcesBuildPhase section */

/* Begin PBXSourcesBuildPhase section */
		612BFE8F2BA708E0000023EE /* Sources */ = {
			isa = PBXSourcesBuildPhase;
			buildActionMask = 2147483647;
			files = (
				61FEAD912BC0BD0C0074674A /* EdgeInsetsExtension.swift in Sources */,
				612BFE972BA708E0000023EE /* AppBundlerApp.swift in Sources */,
				6136EE9B2BCD45D300F43585 /* BundleExtension.swift in Sources */,
				612BFEAB2BA70B53000023EE /* CreateBundleView.swift in Sources */,
				61E29F492BAB1CC3001738D6 /* FileSystem.swift in Sources */,
				612BFEA92BA70B14000023EE /* EditBundleView.swift in Sources */,
			);
			runOnlyForDeploymentPostprocessing = 0;
		};
		61F472012BB5DD8400587B93 /* Sources */ = {
			isa = PBXSourcesBuildPhase;
			buildActionMask = 2147483647;
			files = (
				61F472082BB5DD8400587B93 /* FindFileTests.swift in Sources */,
				618D67092BE63246007F8A61 /* FileSystemTest.swift in Sources */,
			);
			runOnlyForDeploymentPostprocessing = 0;
		};
/* End PBXSourcesBuildPhase section */

/* Begin PBXTargetDependency section */
		61F4720A2BB5DD8400587B93 /* PBXTargetDependency */ = {
			isa = PBXTargetDependency;
			target = 612BFE922BA708E0000023EE /* AppBundler */;
			targetProxy = 61F472092BB5DD8400587B93 /* PBXContainerItemProxy */;
		};
/* End PBXTargetDependency section */

/* Begin XCBuildConfiguration section */
		612BFEA02BA708E0000023EE /* Debug */ = {
			isa = XCBuildConfiguration;
			buildSettings = {
				ALWAYS_SEARCH_USER_PATHS = NO;
				ASSETCATALOG_COMPILER_GENERATE_SWIFT_ASSET_SYMBOL_EXTENSIONS = YES;
				CLANG_ANALYZER_NONNULL = YES;
				CLANG_ANALYZER_NUMBER_OBJECT_CONVERSION = YES_AGGRESSIVE;
				CLANG_CXX_LANGUAGE_STANDARD = "gnu++20";
				CLANG_ENABLE_MODULES = YES;
				CLANG_ENABLE_OBJC_ARC = YES;
				CLANG_ENABLE_OBJC_WEAK = YES;
				CLANG_WARN_BLOCK_CAPTURE_AUTORELEASING = YES;
				CLANG_WARN_BOOL_CONVERSION = YES;
				CLANG_WARN_COMMA = YES;
				CLANG_WARN_CONSTANT_CONVERSION = YES;
				CLANG_WARN_DEPRECATED_OBJC_IMPLEMENTATIONS = YES;
				CLANG_WARN_DIRECT_OBJC_ISA_USAGE = YES_ERROR;
				CLANG_WARN_DOCUMENTATION_COMMENTS = YES;
				CLANG_WARN_EMPTY_BODY = YES;
				CLANG_WARN_ENUM_CONVERSION = YES;
				CLANG_WARN_INFINITE_RECURSION = YES;
				CLANG_WARN_INT_CONVERSION = YES;
				CLANG_WARN_NON_LITERAL_NULL_CONVERSION = YES;
				CLANG_WARN_OBJC_IMPLICIT_RETAIN_SELF = YES;
				CLANG_WARN_OBJC_LITERAL_CONVERSION = YES;
				CLANG_WARN_OBJC_ROOT_CLASS = YES_ERROR;
				CLANG_WARN_QUOTED_INCLUDE_IN_FRAMEWORK_HEADER = YES;
				CLANG_WARN_RANGE_LOOP_ANALYSIS = YES;
				CLANG_WARN_STRICT_PROTOTYPES = YES;
				CLANG_WARN_SUSPICIOUS_MOVE = YES;
				CLANG_WARN_UNGUARDED_AVAILABILITY = YES_AGGRESSIVE;
				CLANG_WARN_UNREACHABLE_CODE = YES;
				CLANG_WARN__DUPLICATE_METHOD_MATCH = YES;
				COPY_PHASE_STRIP = NO;
				DEBUG_INFORMATION_FORMAT = dwarf;
				ENABLE_STRICT_OBJC_MSGSEND = YES;
				ENABLE_TESTABILITY = YES;
				ENABLE_USER_SCRIPT_SANDBOXING = YES;
				GCC_C_LANGUAGE_STANDARD = gnu17;
				GCC_DYNAMIC_NO_PIC = NO;
				GCC_NO_COMMON_BLOCKS = YES;
				GCC_OPTIMIZATION_LEVEL = 0;
				GCC_PREPROCESSOR_DEFINITIONS = (
					"DEBUG=1",
					"$(inherited)",
				);
				GCC_WARN_64_TO_32_BIT_CONVERSION = YES;
				GCC_WARN_ABOUT_RETURN_TYPE = YES_ERROR;
				GCC_WARN_UNDECLARED_SELECTOR = YES;
				GCC_WARN_UNINITIALIZED_AUTOS = YES_AGGRESSIVE;
				GCC_WARN_UNUSED_FUNCTION = YES;
				GCC_WARN_UNUSED_VARIABLE = YES;
				LOCALIZATION_PREFERS_STRING_CATALOGS = YES;
				MACOSX_DEPLOYMENT_TARGET = 14.0;
				MTL_ENABLE_DEBUG_INFO = INCLUDE_SOURCE;
				MTL_FAST_MATH = YES;
				ONLY_ACTIVE_ARCH = YES;
				SDKROOT = macosx;
				SWIFT_ACTIVE_COMPILATION_CONDITIONS = "DEBUG $(inherited)";
				SWIFT_OPTIMIZATION_LEVEL = "-Onone";
			};
			name = Debug;
		};
		612BFEA12BA708E0000023EE /* Release */ = {
			isa = XCBuildConfiguration;
			buildSettings = {
				ALWAYS_SEARCH_USER_PATHS = NO;
				ASSETCATALOG_COMPILER_GENERATE_SWIFT_ASSET_SYMBOL_EXTENSIONS = YES;
				CLANG_ANALYZER_NONNULL = YES;
				CLANG_ANALYZER_NUMBER_OBJECT_CONVERSION = YES_AGGRESSIVE;
				CLANG_CXX_LANGUAGE_STANDARD = "gnu++20";
				CLANG_ENABLE_MODULES = YES;
				CLANG_ENABLE_OBJC_ARC = YES;
				CLANG_ENABLE_OBJC_WEAK = YES;
				CLANG_WARN_BLOCK_CAPTURE_AUTORELEASING = YES;
				CLANG_WARN_BOOL_CONVERSION = YES;
				CLANG_WARN_COMMA = YES;
				CLANG_WARN_CONSTANT_CONVERSION = YES;
				CLANG_WARN_DEPRECATED_OBJC_IMPLEMENTATIONS = YES;
				CLANG_WARN_DIRECT_OBJC_ISA_USAGE = YES_ERROR;
				CLANG_WARN_DOCUMENTATION_COMMENTS = YES;
				CLANG_WARN_EMPTY_BODY = YES;
				CLANG_WARN_ENUM_CONVERSION = YES;
				CLANG_WARN_INFINITE_RECURSION = YES;
				CLANG_WARN_INT_CONVERSION = YES;
				CLANG_WARN_NON_LITERAL_NULL_CONVERSION = YES;
				CLANG_WARN_OBJC_IMPLICIT_RETAIN_SELF = YES;
				CLANG_WARN_OBJC_LITERAL_CONVERSION = YES;
				CLANG_WARN_OBJC_ROOT_CLASS = YES_ERROR;
				CLANG_WARN_QUOTED_INCLUDE_IN_FRAMEWORK_HEADER = YES;
				CLANG_WARN_RANGE_LOOP_ANALYSIS = YES;
				CLANG_WARN_STRICT_PROTOTYPES = YES;
				CLANG_WARN_SUSPICIOUS_MOVE = YES;
				CLANG_WARN_UNGUARDED_AVAILABILITY = YES_AGGRESSIVE;
				CLANG_WARN_UNREACHABLE_CODE = YES;
				CLANG_WARN__DUPLICATE_METHOD_MATCH = YES;
				COPY_PHASE_STRIP = NO;
				DEBUG_INFORMATION_FORMAT = "dwarf-with-dsym";
				ENABLE_NS_ASSERTIONS = NO;
				ENABLE_STRICT_OBJC_MSGSEND = YES;
				ENABLE_USER_SCRIPT_SANDBOXING = YES;
				GCC_C_LANGUAGE_STANDARD = gnu17;
				GCC_NO_COMMON_BLOCKS = YES;
				GCC_WARN_64_TO_32_BIT_CONVERSION = YES;
				GCC_WARN_ABOUT_RETURN_TYPE = YES_ERROR;
				GCC_WARN_UNDECLARED_SELECTOR = YES;
				GCC_WARN_UNINITIALIZED_AUTOS = YES_AGGRESSIVE;
				GCC_WARN_UNUSED_FUNCTION = YES;
				GCC_WARN_UNUSED_VARIABLE = YES;
				LOCALIZATION_PREFERS_STRING_CATALOGS = YES;
				MACOSX_DEPLOYMENT_TARGET = 14.0;
				MTL_ENABLE_DEBUG_INFO = NO;
				MTL_FAST_MATH = YES;
				SDKROOT = macosx;
				SWIFT_COMPILATION_MODE = wholemodule;
			};
			name = Release;
		};
		612BFEA32BA708E0000023EE /* Debug */ = {
			isa = XCBuildConfiguration;
			buildSettings = {
				ASSETCATALOG_COMPILER_APPICON_NAME = AppIcon;
				ASSETCATALOG_COMPILER_GLOBAL_ACCENT_COLOR_NAME = AccentColor;
				CODE_SIGN_ENTITLEMENTS = AppBundler/AppBundler.entitlements;
				CODE_SIGN_IDENTITY = "Apple Development";
				"CODE_SIGN_IDENTITY[sdk=macosx*]" = "Apple Development";
				CODE_SIGN_STYLE = Automatic;
				COMBINE_HIDPI_IMAGES = YES;
				CURRENT_PROJECT_VERSION = 1;
				DEVELOPMENT_ASSET_PATHS = "\"AppBundler/Preview Content\"";
				DEVELOPMENT_TEAM = 97JM7U963J;
				ENABLE_PREVIEWS = YES;
				GENERATE_INFOPLIST_FILE = YES;
				INFOPLIST_FILE = AppBundler/Info.plist;
				INFOPLIST_KEY_CFBundleDisplayName = AppBundler;
				INFOPLIST_KEY_LSApplicationCategoryType = "public.app-category.developer-tools";
				INFOPLIST_KEY_NSHumanReadableCopyright = "Copyright 2024, Alexandre Parra";
				LD_RUNPATH_SEARCH_PATHS = (
					"$(inherited)",
					"@executable_path/../Frameworks",
				);
				MARKETING_VERSION = 1.0;
				PRODUCT_BUNDLE_IDENTIFIER = org.hazardlabs.AppBundler;
				PRODUCT_NAME = "$(TARGET_NAME)";
				PROVISIONING_PROFILE_SPECIFIER = "";
				SWIFT_EMIT_LOC_STRINGS = YES;
				SWIFT_VERSION = 5.0;
			};
			name = Debug;
		};
		612BFEA42BA708E0000023EE /* Release */ = {
			isa = XCBuildConfiguration;
			buildSettings = {
				ASSETCATALOG_COMPILER_APPICON_NAME = AppIcon;
				ASSETCATALOG_COMPILER_GLOBAL_ACCENT_COLOR_NAME = AccentColor;
				CODE_SIGN_ENTITLEMENTS = AppBundler/AppBundler.entitlements;
				CODE_SIGN_IDENTITY = "Apple Development";
				"CODE_SIGN_IDENTITY[sdk=macosx*]" = "Apple Development";
				CODE_SIGN_STYLE = Automatic;
				COMBINE_HIDPI_IMAGES = YES;
				CURRENT_PROJECT_VERSION = 1;
				DEVELOPMENT_ASSET_PATHS = "\"AppBundler/Preview Content\"";
				DEVELOPMENT_TEAM = 97JM7U963J;
				ENABLE_PREVIEWS = YES;
				GENERATE_INFOPLIST_FILE = YES;
				INFOPLIST_FILE = AppBundler/Info.plist;
				INFOPLIST_KEY_CFBundleDisplayName = AppBundler;
				INFOPLIST_KEY_LSApplicationCategoryType = "public.app-category.developer-tools";
				INFOPLIST_KEY_NSHumanReadableCopyright = "Copyright 2024, Alexandre Parra";
				LD_RUNPATH_SEARCH_PATHS = (
					"$(inherited)",
					"@executable_path/../Frameworks",
				);
				MARKETING_VERSION = 1.0;
				PRODUCT_BUNDLE_IDENTIFIER = org.hazardlabs.AppBundler;
				PRODUCT_NAME = "$(TARGET_NAME)";
				PROVISIONING_PROFILE_SPECIFIER = "";
				SWIFT_EMIT_LOC_STRINGS = YES;
				SWIFT_VERSION = 5.0;
			};
			name = Release;
		};
		61F4720C2BB5DD8400587B93 /* Debug */ = {
			isa = XCBuildConfiguration;
			buildSettings = {
				BUNDLE_LOADER = "$(TEST_HOST)";
				CODE_SIGN_STYLE = Automatic;
				CURRENT_PROJECT_VERSION = 1;
				GENERATE_INFOPLIST_FILE = YES;
				MARKETING_VERSION = 1.0;
				PRODUCT_BUNDLE_IDENTIFIER = org.hazardlabs.AppBundlerTests;
				PRODUCT_NAME = "$(TARGET_NAME)";
				SWIFT_EMIT_LOC_STRINGS = NO;
				SWIFT_VERSION = 5.0;
				TEST_HOST = "$(BUILT_PRODUCTS_DIR)/AppBundler.app/$(BUNDLE_EXECUTABLE_FOLDER_PATH)/AppBundler";
			};
			name = Debug;
		};
		61F4720D2BB5DD8400587B93 /* Release */ = {
			isa = XCBuildConfiguration;
			buildSettings = {
				BUNDLE_LOADER = "$(TEST_HOST)";
				CODE_SIGN_STYLE = Automatic;
				CURRENT_PROJECT_VERSION = 1;
				GENERATE_INFOPLIST_FILE = YES;
				MARKETING_VERSION = 1.0;
				PRODUCT_BUNDLE_IDENTIFIER = org.hazardlabs.AppBundlerTests;
				PRODUCT_NAME = "$(TARGET_NAME)";
				SWIFT_EMIT_LOC_STRINGS = NO;
				SWIFT_VERSION = 5.0;
				TEST_HOST = "$(BUILT_PRODUCTS_DIR)/AppBundler.app/$(BUNDLE_EXECUTABLE_FOLDER_PATH)/AppBundler";
			};
			name = Release;
		};
/* End XCBuildConfiguration section */

/* Begin XCConfigurationList section */
		612BFE8E2BA708E0000023EE /* Build configuration list for PBXProject "AppBundler" */ = {
			isa = XCConfigurationList;
			buildConfigurations = (
				612BFEA02BA708E0000023EE /* Debug */,
				612BFEA12BA708E0000023EE /* Release */,
			);
			defaultConfigurationIsVisible = 0;
			defaultConfigurationName = Release;
		};
		612BFEA22BA708E0000023EE /* Build configuration list for PBXNativeTarget "AppBundler" */ = {
			isa = XCConfigurationList;
			buildConfigurations = (
				612BFEA32BA708E0000023EE /* Debug */,
				612BFEA42BA708E0000023EE /* Release */,
			);
			defaultConfigurationIsVisible = 0;
			defaultConfigurationName = Release;
		};
		61F4720B2BB5DD8400587B93 /* Build configuration list for PBXNativeTarget "AppBundlerTests" */ = {
			isa = XCConfigurationList;
			buildConfigurations = (
				61F4720C2BB5DD8400587B93 /* Debug */,
				61F4720D2BB5DD8400587B93 /* Release */,
			);
			defaultConfigurationIsVisible = 0;
			defaultConfigurationName = Release;
		};
/* End XCConfigurationList section */
	};
	rootObject = 612BFE8B2BA708E0000023EE /* Project object */;
}
